{
  "name": "tutorial-multi-chat-server",
  "version": "1.0.0",
  "lockfileVersion": 3,
  "requires": true,
  "packages": {
    "": {
      "version": "1.0.0",
      "license": "ISC",
      "dependencies": {
        "ws": "^5.2.5"
      }
    },
    "node_modules/async-limiter": {
      "version": "1.0.1",
      "resolved": "https://registry.npmjs.org/async-limiter/-/async-limiter-1.0.1.tgz",
      "integrity": "sha512-csOlWGAcRFJaI6m+F2WKdnMKr4HhdhFVBk0H/QbJFMCr+uO2kwohwXQPxw/9OCxp05r5ghVBFSyioixx3gfkNQ==",
      "license": "MIT"
    },
    "node_modules/ws": {
      "version": "5.2.5",
      "resolved": "https://registry.npmjs.org/ws/-/ws-5.2.5.tgz",
      "integrity": "sha512-G0gACQIjFmv7NqpaOAXEpe9nEtRYD6ZCy2Ip/B4EzR08qEwnf/wYJoQd3cjosPdnJsHkeh0j2tzOaIBZIOC1yA==",
      "license": "MIT",
      "dependencies": {
        "async-limiter": "~1.0.0"
      }
    }
  }
}
